
Microsoft Visual Studio Solution File, Format Version 12.00
# Visual Studio Version 16
VisualStudioVersion = 16.0.31205.134
MinimumVisualStudioVersion = 10.0.40219.1
Project("{FAE04EC0-301F-11D3-BF4B-00C04F79EFBC}") = "function", "function\function.csproj", "{4714DA5A-A33E-4BD7-B972-AE0DCFB191B0}"
EndProject
Global
	GlobalSection(SolutionConfigurationPlatforms) = preSolution
		Debug|Any CPU = Debug|Any CPU
		Release|Any CPU = Release|Any CPU
	EndGlobalSection
	GlobalSection(ProjectConfigurationPlatforms) = postSolution
		{4714DA5A-A33E-4BD7-B972-AE0DCFB191B0}.Debug|Any CPU.ActiveCfg = Debug|Any CPU
		{4714DA5A-A33E-4BD7-B972-AE0DCFB191B0}.Debug|Any CPU.Build.0 = Debug|Any CPU
		{4714DA5A-A33E-4BD7-B972-AE0DCFB191B0}.Release|Any CPU.ActiveCfg = Release|Any CPU
		{4714DA5A-A33E-4BD7-B972-AE0DCFB191B0}.Release|Any CPU.Build.0 = Release|Any CPU
	EndGlobalSection
	GlobalSection(SolutionProperties) = preSolution
		HideSolutionNode = FALSE
	EndGlobalSection
	GlobalSection(ExtensibilityGlobals) = postSolution
		SolutionGuid = {3CE98303-B0C8-41B3-B089-F9E1F4A1F8CA}
	EndGlobalSection
EndGlobal
