
Microsoft Visual Studio Solution File, Format Version 12.00
# Visual Studio Version 16
VisualStudioVersion = 16.0.31205.134
MinimumVisualStudioVersion = 10.0.40219.1
Project("{FAE04EC0-301F-11D3-BF4B-00C04F79EFBC}") = "givenintegeroddeven", "givenintegeroddeven\givenintegeroddeven.csproj", "{A36A1284-44B8-42D5-95ED-9E6FDA18DC16}"
EndProject
Global
	GlobalSection(SolutionConfigurationPlatforms) = preSolution
		Debug|Any CPU = Debug|Any CPU
		Release|Any CPU = Release|Any CPU
	EndGlobalSection
	GlobalSection(ProjectConfigurationPlatforms) = postSolution
		{A36A1284-44B8-42D5-95ED-9E6FDA18DC16}.Debug|Any CPU.ActiveCfg = Debug|Any CPU
		{A36A1284-44B8-42D5-95ED-9E6FDA18DC16}.Debug|Any CPU.Build.0 = Debug|Any CPU
		{A36A1284-44B8-42D5-95ED-9E6FDA18DC16}.Release|Any CPU.ActiveCfg = Release|Any CPU
		{A36A1284-44B8-42D5-95ED-9E6FDA18DC16}.Release|Any CPU.Build.0 = Release|Any CPU
	EndGlobalSection
	GlobalSection(SolutionProperties) = preSolution
		HideSolutionNode = FALSE
	EndGlobalSection
	GlobalSection(ExtensibilityGlobals) = postSolution
		SolutionGuid = {2F866B72-235D-43C8-B04B-39AC4A3B36BB}
	EndGlobalSection
EndGlobal
